
Microsoft Visual Studio Solution File, Format Version 12.00
# Visual Studio Version 16
VisualStudioVersion = 16.0.30907.101
MinimumVisualStudioVersion = 10.0.40219.1
Project("{FAE04EC0-301F-11D3-BF4B-00C04F79EFBC}") = "Raje.API", "Raje.API\Raje.API.csproj", "{47764707-88C3-413D-A53B-831FC9ECC879}"
EndProject
Global
	GlobalSection(SolutionConfigurationPlatforms) = preSolution
		Debug|Any CPU = Debug|Any CPU
		Release|Any CPU = Release|Any CPU
	EndGlobalSection
	GlobalSection(ProjectConfigurationPlatforms) = postSolution
		{47764707-88C3-413D-A53B-831FC9ECC879}.Debug|Any CPU.ActiveCfg = Debug|Any CPU
		{47764707-88C3-413D-A53B-831FC9ECC879}.Debug|Any CPU.Build.0 = Debug|Any CPU
		{47764707-88C3-413D-A53B-831FC9ECC879}.Release|Any CPU.ActiveCfg = Release|Any CPU
		{47764707-88C3-413D-A53B-831FC9ECC879}.Release|Any CPU.Build.0 = Release|Any CPU
	EndGlobalSection
	GlobalSection(SolutionProperties) = preSolution
		HideSolutionNode = FALSE
	EndGlobalSection
	GlobalSection(ExtensibilityGlobals) = postSolution
		SolutionGuid = {7AF1FDB6-4DD9-409B-A63E-1E0CD7E249BD}
	EndGlobalSection
EndGlobal
