
Microsoft Visual Studio Solution File, Format Version 12.00
# Visual Studio Version 16
VisualStudioVersion = 16.0.30907.101
MinimumVisualStudioVersion = 10.0.40219.1
Project("{FAE04EC0-301F-11D3-BF4B-00C04F79EFBC}") = "Raje.API", "Raje.API\Raje.API.csproj", "{AC68E955-7B4E-4C64-95E1-DB594E4C885C}"
EndProject
Project("{2150E333-8FDC-42A3-9474-1A3956D46DE8}") = "src", "src", "{DF91AF13-7243-44A5-9294-20478014F59D}"
EndProject
Project("{2150E333-8FDC-42A3-9474-1A3956D46DE8}") = "tests", "tests", "{0C6607CC-712F-4FAA-9C83-700E4079C595}"
EndProject
Project("{FAE04EC0-301F-11D3-BF4B-00C04F79EFBC}") = "Raje.BLL", "Raje.BLL\Raje.BLL.csproj", "{71656DB8-656D-49F2-84AE-5C5CADD21AB2}"
EndProject
Project("{FAE04EC0-301F-11D3-BF4B-00C04F79EFBC}") = "Raje.DAL", "Raje.DAL\Raje.DAL.csproj", "{5BA9EF97-15DE-493B-8EFD-65A2AC16CB09}"
EndProject
Project("{FAE04EC0-301F-11D3-BF4B-00C04F79EFBC}") = "Raje.DL", "Raje.DL\Raje.DL.csproj", "{1E248C3B-E8CC-4FE0-80CB-43CD01D36B12}"
EndProject
Project("{FAE04EC0-301F-11D3-BF4B-00C04F79EFBC}") = "Raje.Infra", "Raje.Infra\Raje.Infra.csproj", "{0016B908-FB5C-4B37-ABBC-8728DED485C4}"
EndProject
Project("{FAE04EC0-301F-11D3-BF4B-00C04F79EFBC}") = "Raje.Tests.Integration", "Raje.Tests.Integration\Raje.Tests.Integration.csproj", "{CB5318D5-7421-4FB0-A6AD-66A6F9C74DC3}"
EndProject
Project("{FAE04EC0-301F-11D3-BF4B-00C04F79EFBC}") = "Raje.Tests.Unit", "Raje.Tests.Unit\Raje.Tests.Unit.csproj", "{8F13A6AE-D326-440C-9539-B6E80301F163}"
EndProject
Global
	GlobalSection(SolutionConfigurationPlatforms) = preSolution
		Debug|Any CPU = Debug|Any CPU
		Release|Any CPU = Release|Any CPU
	EndGlobalSection
	GlobalSection(ProjectConfigurationPlatforms) = postSolution
		{AC68E955-7B4E-4C64-95E1-DB594E4C885C}.Debug|Any CPU.ActiveCfg = Debug|Any CPU
		{AC68E955-7B4E-4C64-95E1-DB594E4C885C}.Debug|Any CPU.Build.0 = Debug|Any CPU
		{AC68E955-7B4E-4C64-95E1-DB594E4C885C}.Release|Any CPU.ActiveCfg = Release|Any CPU
		{AC68E955-7B4E-4C64-95E1-DB594E4C885C}.Release|Any CPU.Build.0 = Release|Any CPU
		{71656DB8-656D-49F2-84AE-5C5CADD21AB2}.Debug|Any CPU.ActiveCfg = Debug|Any CPU
		{71656DB8-656D-49F2-84AE-5C5CADD21AB2}.Debug|Any CPU.Build.0 = Debug|Any CPU
		{71656DB8-656D-49F2-84AE-5C5CADD21AB2}.Release|Any CPU.ActiveCfg = Release|Any CPU
		{71656DB8-656D-49F2-84AE-5C5CADD21AB2}.Release|Any CPU.Build.0 = Release|Any CPU
		{5BA9EF97-15DE-493B-8EFD-65A2AC16CB09}.Debug|Any CPU.ActiveCfg = Debug|Any CPU
		{5BA9EF97-15DE-493B-8EFD-65A2AC16CB09}.Debug|Any CPU.Build.0 = Debug|Any CPU
		{5BA9EF97-15DE-493B-8EFD-65A2AC16CB09}.Release|Any CPU.ActiveCfg = Release|Any CPU
		{5BA9EF97-15DE-493B-8EFD-65A2AC16CB09}.Release|Any CPU.Build.0 = Release|Any CPU
		{1E248C3B-E8CC-4FE0-80CB-43CD01D36B12}.Debug|Any CPU.ActiveCfg = Debug|Any CPU
		{1E248C3B-E8CC-4FE0-80CB-43CD01D36B12}.Debug|Any CPU.Build.0 = Debug|Any CPU
		{1E248C3B-E8CC-4FE0-80CB-43CD01D36B12}.Release|Any CPU.ActiveCfg = Release|Any CPU
		{1E248C3B-E8CC-4FE0-80CB-43CD01D36B12}.Release|Any CPU.Build.0 = Release|Any CPU
		{0016B908-FB5C-4B37-ABBC-8728DED485C4}.Debug|Any CPU.ActiveCfg = Debug|Any CPU
		{0016B908-FB5C-4B37-ABBC-8728DED485C4}.Debug|Any CPU.Build.0 = Debug|Any CPU
		{0016B908-FB5C-4B37-ABBC-8728DED485C4}.Release|Any CPU.ActiveCfg = Release|Any CPU
		{0016B908-FB5C-4B37-ABBC-8728DED485C4}.Release|Any CPU.Build.0 = Release|Any CPU
		{CB5318D5-7421-4FB0-A6AD-66A6F9C74DC3}.Debug|Any CPU.ActiveCfg = Debug|Any CPU
		{CB5318D5-7421-4FB0-A6AD-66A6F9C74DC3}.Debug|Any CPU.Build.0 = Debug|Any CPU
		{CB5318D5-7421-4FB0-A6AD-66A6F9C74DC3}.Release|Any CPU.ActiveCfg = Release|Any CPU
		{CB5318D5-7421-4FB0-A6AD-66A6F9C74DC3}.Release|Any CPU.Build.0 = Release|Any CPU
		{8F13A6AE-D326-440C-9539-B6E80301F163}.Debug|Any CPU.ActiveCfg = Debug|Any CPU
		{8F13A6AE-D326-440C-9539-B6E80301F163}.Debug|Any CPU.Build.0 = Debug|Any CPU
		{8F13A6AE-D326-440C-9539-B6E80301F163}.Release|Any CPU.ActiveCfg = Release|Any CPU
		{8F13A6AE-D326-440C-9539-B6E80301F163}.Release|Any CPU.Build.0 = Release|Any CPU
	EndGlobalSection
	GlobalSection(SolutionProperties) = preSolution
		HideSolutionNode = FALSE
	EndGlobalSection
	GlobalSection(NestedProjects) = preSolution
		{AC68E955-7B4E-4C64-95E1-DB594E4C885C} = {DF91AF13-7243-44A5-9294-20478014F59D}
		{71656DB8-656D-49F2-84AE-5C5CADD21AB2} = {DF91AF13-7243-44A5-9294-20478014F59D}
		{5BA9EF97-15DE-493B-8EFD-65A2AC16CB09} = {DF91AF13-7243-44A5-9294-20478014F59D}
		{1E248C3B-E8CC-4FE0-80CB-43CD01D36B12} = {DF91AF13-7243-44A5-9294-20478014F59D}
		{0016B908-FB5C-4B37-ABBC-8728DED485C4} = {DF91AF13-7243-44A5-9294-20478014F59D}
		{CB5318D5-7421-4FB0-A6AD-66A6F9C74DC3} = {0C6607CC-712F-4FAA-9C83-700E4079C595}
		{8F13A6AE-D326-440C-9539-B6E80301F163} = {0C6607CC-712F-4FAA-9C83-700E4079C595}
	EndGlobalSection
	GlobalSection(ExtensibilityGlobals) = postSolution
		SolutionGuid = {7AF1FDB6-4DD9-409B-A63E-1E0CD7E249BD}
	EndGlobalSection
EndGlobal
