
Microsoft Visual Studio Solution File, Format Version 12.00
# Visual Studio Version 16
VisualStudioVersion = 16.0.30204.135
MinimumVisualStudioVersion = 10.0.40219.1
Project("{2150E333-8FDC-42A3-9474-1A3956D46DE8}") = "src", "src", "{DE1FBCEA-BA2F-4A2F-A828-410C26DBF4D0}"
EndProject
Project("{2150E333-8FDC-42A3-9474-1A3956D46DE8}") = "tests", "tests", "{F089750D-5C21-48F9-9E64-9860A1562E02}"
EndProject
Project("{9A19103F-16F7-4668-BE54-9A1E7A4F7556}") = "Raje.API", "Raje.API\Raje.API.csproj", "{0840A945-4B99-439C-B576-3045AF3E9572}"
EndProject
Project("{9A19103F-16F7-4668-BE54-9A1E7A4F7556}") = "Raje.BLL", "Raje.BLL\Raje.BLL.csproj", "{0ABD2F2A-4085-49D8-A93A-7D67621F9A16}"
EndProject
Project("{9A19103F-16F7-4668-BE54-9A1E7A4F7556}") = "Raje.DAL", "Raje.DAL\Raje.DAL.csproj", "{AD2F43CE-8C80-4BC6-8543-4BCF11396717}"
EndProject
Project("{9A19103F-16F7-4668-BE54-9A1E7A4F7556}") = "Raje.DL", "Raje.DL\Raje.DL.csproj", "{358E26CA-F167-4657-9099-E2C7F253216F}"
EndProject
Project("{9A19103F-16F7-4668-BE54-9A1E7A4F7556}") = "Raje.Infra", "Raje.Infra\Raje.Infra.csproj", "{CB28CA7B-B107-445E-9449-3E621A31FD49}"
EndProject
Project("{9A19103F-16F7-4668-BE54-9A1E7A4F7556}") = "Raje.BLL.Tests", "Raje.BLL.Tests\Raje.BLL.Tests.csproj", "{92F339A7-D282-46AD-97FE-24DC3EBA7099}"
EndProject
Project("{9A19103F-16F7-4668-BE54-9A1E7A4F7556}") = "Raje.DL.Tests", "Raje.DL.Tests\Raje.DL.Tests.csproj", "{0ADB8A64-8B0F-405C-96C9-8FC871C5428A}"
EndProject
Project("{9A19103F-16F7-4668-BE54-9A1E7A4F7556}") = "Raje.Base.Tests", "Raje.Base.Tests\Raje.Base.Tests.csproj", "{6046062F-3FA1-4EF1-8313-7D6F77CBCDB5}"
EndProject
Project("{9A19103F-16F7-4668-BE54-9A1E7A4F7556}") = "Raje.DAL.Tests", "Raje.DAL.Tests\Raje.DAL.Tests.csproj", "{3A9945FE-14A1-4362-90CC-260BE4EEF353}"
EndProject
Global
	GlobalSection(SolutionConfigurationPlatforms) = preSolution
		Debug|Any CPU = Debug|Any CPU
		Release|Any CPU = Release|Any CPU
	EndGlobalSection
	GlobalSection(ProjectConfigurationPlatforms) = postSolution
		{0840A945-4B99-439C-B576-3045AF3E9572}.Debug|Any CPU.ActiveCfg = Debug|Any CPU
		{0840A945-4B99-439C-B576-3045AF3E9572}.Debug|Any CPU.Build.0 = Debug|Any CPU
		{0840A945-4B99-439C-B576-3045AF3E9572}.Release|Any CPU.ActiveCfg = Release|Any CPU
		{0840A945-4B99-439C-B576-3045AF3E9572}.Release|Any CPU.Build.0 = Release|Any CPU
		{0ABD2F2A-4085-49D8-A93A-7D67621F9A16}.Debug|Any CPU.ActiveCfg = Debug|Any CPU
		{0ABD2F2A-4085-49D8-A93A-7D67621F9A16}.Debug|Any CPU.Build.0 = Debug|Any CPU
		{0ABD2F2A-4085-49D8-A93A-7D67621F9A16}.Release|Any CPU.ActiveCfg = Release|Any CPU
		{0ABD2F2A-4085-49D8-A93A-7D67621F9A16}.Release|Any CPU.Build.0 = Release|Any CPU
		{AD2F43CE-8C80-4BC6-8543-4BCF11396717}.Debug|Any CPU.ActiveCfg = Debug|Any CPU
		{AD2F43CE-8C80-4BC6-8543-4BCF11396717}.Debug|Any CPU.Build.0 = Debug|Any CPU
		{AD2F43CE-8C80-4BC6-8543-4BCF11396717}.Release|Any CPU.ActiveCfg = Release|Any CPU
		{AD2F43CE-8C80-4BC6-8543-4BCF11396717}.Release|Any CPU.Build.0 = Release|Any CPU
		{358E26CA-F167-4657-9099-E2C7F253216F}.Debug|Any CPU.ActiveCfg = Debug|Any CPU
		{358E26CA-F167-4657-9099-E2C7F253216F}.Debug|Any CPU.Build.0 = Debug|Any CPU
		{358E26CA-F167-4657-9099-E2C7F253216F}.Release|Any CPU.ActiveCfg = Release|Any CPU
		{358E26CA-F167-4657-9099-E2C7F253216F}.Release|Any CPU.Build.0 = Release|Any CPU
		{CB28CA7B-B107-445E-9449-3E621A31FD49}.Debug|Any CPU.ActiveCfg = Debug|Any CPU
		{CB28CA7B-B107-445E-9449-3E621A31FD49}.Debug|Any CPU.Build.0 = Debug|Any CPU
		{CB28CA7B-B107-445E-9449-3E621A31FD49}.Release|Any CPU.ActiveCfg = Release|Any CPU
		{CB28CA7B-B107-445E-9449-3E621A31FD49}.Release|Any CPU.Build.0 = Release|Any CPU
		{92F339A7-D282-46AD-97FE-24DC3EBA7099}.Debug|Any CPU.ActiveCfg = Debug|Any CPU
		{92F339A7-D282-46AD-97FE-24DC3EBA7099}.Debug|Any CPU.Build.0 = Debug|Any CPU
		{92F339A7-D282-46AD-97FE-24DC3EBA7099}.Release|Any CPU.ActiveCfg = Release|Any CPU
		{92F339A7-D282-46AD-97FE-24DC3EBA7099}.Release|Any CPU.Build.0 = Release|Any CPU
		{0ADB8A64-8B0F-405C-96C9-8FC871C5428A}.Debug|Any CPU.ActiveCfg = Debug|Any CPU
		{0ADB8A64-8B0F-405C-96C9-8FC871C5428A}.Debug|Any CPU.Build.0 = Debug|Any CPU
		{0ADB8A64-8B0F-405C-96C9-8FC871C5428A}.Release|Any CPU.ActiveCfg = Release|Any CPU
		{0ADB8A64-8B0F-405C-96C9-8FC871C5428A}.Release|Any CPU.Build.0 = Release|Any CPU
		{6046062F-3FA1-4EF1-8313-7D6F77CBCDB5}.Debug|Any CPU.ActiveCfg = Debug|Any CPU
		{6046062F-3FA1-4EF1-8313-7D6F77CBCDB5}.Debug|Any CPU.Build.0 = Debug|Any CPU
		{6046062F-3FA1-4EF1-8313-7D6F77CBCDB5}.Release|Any CPU.ActiveCfg = Release|Any CPU
		{6046062F-3FA1-4EF1-8313-7D6F77CBCDB5}.Release|Any CPU.Build.0 = Release|Any CPU
		{3A9945FE-14A1-4362-90CC-260BE4EEF353}.Debug|Any CPU.ActiveCfg = Debug|Any CPU
		{3A9945FE-14A1-4362-90CC-260BE4EEF353}.Debug|Any CPU.Build.0 = Debug|Any CPU
		{3A9945FE-14A1-4362-90CC-260BE4EEF353}.Release|Any CPU.ActiveCfg = Release|Any CPU
		{3A9945FE-14A1-4362-90CC-260BE4EEF353}.Release|Any CPU.Build.0 = Release|Any CPU
	EndGlobalSection
	GlobalSection(SolutionProperties) = preSolution
		HideSolutionNode = FALSE
	EndGlobalSection
	GlobalSection(NestedProjects) = preSolution
		{0840A945-4B99-439C-B576-3045AF3E9572} = {DE1FBCEA-BA2F-4A2F-A828-410C26DBF4D0}
		{0ABD2F2A-4085-49D8-A93A-7D67621F9A16} = {DE1FBCEA-BA2F-4A2F-A828-410C26DBF4D0}
		{AD2F43CE-8C80-4BC6-8543-4BCF11396717} = {DE1FBCEA-BA2F-4A2F-A828-410C26DBF4D0}
		{358E26CA-F167-4657-9099-E2C7F253216F} = {DE1FBCEA-BA2F-4A2F-A828-410C26DBF4D0}
		{CB28CA7B-B107-445E-9449-3E621A31FD49} = {DE1FBCEA-BA2F-4A2F-A828-410C26DBF4D0}
		{92F339A7-D282-46AD-97FE-24DC3EBA7099} = {F089750D-5C21-48F9-9E64-9860A1562E02}
		{0ADB8A64-8B0F-405C-96C9-8FC871C5428A} = {F089750D-5C21-48F9-9E64-9860A1562E02}
		{6046062F-3FA1-4EF1-8313-7D6F77CBCDB5} = {F089750D-5C21-48F9-9E64-9860A1562E02}
		{3A9945FE-14A1-4362-90CC-260BE4EEF353} = {F089750D-5C21-48F9-9E64-9860A1562E02}
	EndGlobalSection
	GlobalSection(ExtensibilityGlobals) = postSolution
		SolutionGuid = {2425BAAB-21A5-4A8D-9F16-FE04867A8273}
	EndGlobalSection
EndGlobal
