
Microsoft Visual Studio Solution File, Format Version 12.00
# Visual Studio Version 16
VisualStudioVersion = 16.0.30907.101
MinimumVisualStudioVersion = 10.0.40219.1
Project("{FAE04EC0-301F-11D3-BF4B-00C04F79EFBC}") = "Raje_MVC", "Raje_MVC\Raje_MVC.csproj", "{BD8486BA-4E24-419E-BB68-3519FD5D32DC}"
EndProject
Global
	GlobalSection(SolutionConfigurationPlatforms) = preSolution
		Debug|Any CPU = Debug|Any CPU
		Release|Any CPU = Release|Any CPU
	EndGlobalSection
	GlobalSection(ProjectConfigurationPlatforms) = postSolution
		{BD8486BA-4E24-419E-BB68-3519FD5D32DC}.Debug|Any CPU.ActiveCfg = Debug|Any CPU
		{BD8486BA-4E24-419E-BB68-3519FD5D32DC}.Debug|Any CPU.Build.0 = Debug|Any CPU
		{BD8486BA-4E24-419E-BB68-3519FD5D32DC}.Release|Any CPU.ActiveCfg = Release|Any CPU
		{BD8486BA-4E24-419E-BB68-3519FD5D32DC}.Release|Any CPU.Build.0 = Release|Any CPU
	EndGlobalSection
	GlobalSection(SolutionProperties) = preSolution
		HideSolutionNode = FALSE
	EndGlobalSection
	GlobalSection(ExtensibilityGlobals) = postSolution
		SolutionGuid = {39CB7B0C-718C-4A1D-8DEA-CD77229CAD1E}
	EndGlobalSection
EndGlobal
